
Microsoft Visual Studio Solution File, Format Version 12.00
# Visual Studio Version 17
VisualStudioVersion = 17.0.31903.59
MinimumVisualStudioVersion = 10.0.40219.1
Project("{FAE04EC0-301F-11D3-BF4B-00C04F79EFBC}") = "API", "API\API.csproj", "{74392B87-81FD-44BF-806F-48F51A6DBB17}"
EndProject
Project("{FAE04EC0-301F-11D3-BF4B-00C04F79EFBC}") = "Core", "Core\Core.csproj", "{A902A63C-42DF-4D65-A01E-073771CDB6C3}"
EndProject
Project("{FAE04EC0-301F-11D3-BF4B-00C04F79EFBC}") = "Infrastructure", "Infrastructure\Infrastructure.csproj", "{930A6E9B-B0CB-450A-9AC2-2D230FC27E0F}"
EndProject
Global
	GlobalSection(SolutionConfigurationPlatforms) = preSolution
		Debug|Any CPU = Debug|Any CPU
		Release|Any CPU = Release|Any CPU
	EndGlobalSection
	GlobalSection(SolutionProperties) = preSolution
		HideSolutionNode = FALSE
	EndGlobalSection
	GlobalSection(ProjectConfigurationPlatforms) = postSolution
		{74392B87-81FD-44BF-806F-48F51A6DBB17}.Debug|Any CPU.ActiveCfg = Debug|Any CPU
		{74392B87-81FD-44BF-806F-48F51A6DBB17}.Debug|Any CPU.Build.0 = Debug|Any CPU
		{74392B87-81FD-44BF-806F-48F51A6DBB17}.Release|Any CPU.ActiveCfg = Release|Any CPU
		{74392B87-81FD-44BF-806F-48F51A6DBB17}.Release|Any CPU.Build.0 = Release|Any CPU
		{A902A63C-42DF-4D65-A01E-073771CDB6C3}.Debug|Any CPU.ActiveCfg = Debug|Any CPU
		{A902A63C-42DF-4D65-A01E-073771CDB6C3}.Debug|Any CPU.Build.0 = Debug|Any CPU
		{A902A63C-42DF-4D65-A01E-073771CDB6C3}.Release|Any CPU.ActiveCfg = Release|Any CPU
		{A902A63C-42DF-4D65-A01E-073771CDB6C3}.Release|Any CPU.Build.0 = Release|Any CPU
		{930A6E9B-B0CB-450A-9AC2-2D230FC27E0F}.Debug|Any CPU.ActiveCfg = Debug|Any CPU
		{930A6E9B-B0CB-450A-9AC2-2D230FC27E0F}.Debug|Any CPU.Build.0 = Debug|Any CPU
		{930A6E9B-B0CB-450A-9AC2-2D230FC27E0F}.Release|Any CPU.ActiveCfg = Release|Any CPU
		{930A6E9B-B0CB-450A-9AC2-2D230FC27E0F}.Release|Any CPU.Build.0 = Release|Any CPU
	EndGlobalSection
EndGlobal
